
Microsoft Visual Studio Solution File, Format Version 12.00
# Visual Studio Version 17
VisualStudioVersion = 17.4.33213.308
MinimumVisualStudioVersion = 10.0.40219.1
Project("{FAE04EC0-301F-11D3-BF4B-00C04F79EFBC}") = "WsApiexamen", "WsApiexamen\WsApiexamen.csproj", "{2DABFF7D-035A-4500-BCC7-B0F1385549E7}"
EndProject
Global
	GlobalSection(SolutionConfigurationPlatforms) = preSolution
		Debug|Any CPU = Debug|Any CPU
		Release|Any CPU = Release|Any CPU
	EndGlobalSection
	GlobalSection(ProjectConfigurationPlatforms) = postSolution
		{2DABFF7D-035A-4500-BCC7-B0F1385549E7}.Debug|Any CPU.ActiveCfg = Debug|Any CPU
		{2DABFF7D-035A-4500-BCC7-B0F1385549E7}.Debug|Any CPU.Build.0 = Debug|Any CPU
		{2DABFF7D-035A-4500-BCC7-B0F1385549E7}.Release|Any CPU.ActiveCfg = Release|Any CPU
		{2DABFF7D-035A-4500-BCC7-B0F1385549E7}.Release|Any CPU.Build.0 = Release|Any CPU
	EndGlobalSection
	GlobalSection(SolutionProperties) = preSolution
		HideSolutionNode = FALSE
	EndGlobalSection
	GlobalSection(ExtensibilityGlobals) = postSolution
		SolutionGuid = {455EA955-9EB5-4F88-BE16-CE7392533296}
	EndGlobalSection
EndGlobal
